
Microsoft Visual Studio Solution File, Format Version 12.00
# Visual Studio Version 16
VisualStudioVersion = 16.0.31424.327
MinimumVisualStudioVersion = 10.0.40219.1
Project("{9A19103F-16F7-4668-BE54-9A1E7A4F7556}") = "HW3", "HW3\HW3.csproj", "{06DD6772-4D7E-41D4-B84B-CA2AE3C69DF0}"
EndProject
Project("{9A19103F-16F7-4668-BE54-9A1E7A4F7556}") = "HW4", "HW4\HW4.csproj", "{D117C240-CCD2-4CE6-952C-A050F6246E92}"
EndProject
Project("{9A19103F-16F7-4668-BE54-9A1E7A4F7556}") = "tests", "tests\tests.csproj", "{08BBE58B-07D4-4BD9-895D-CAB67784BA84}"
EndProject
Project("{9A19103F-16F7-4668-BE54-9A1E7A4F7556}") = "2048", "2048\2048.csproj", "{75CFF1C8-97B5-4DCD-B38F-1C422001DFE5}"
EndProject
Project("{9A19103F-16F7-4668-BE54-9A1E7A4F7556}") = "ConsoleGameHW6", "ConsoleGameHW6\ConsoleGameHW6.csproj", "{309D0BE2-FB2B-4F17-BE97-03EDD5DE709C}"
EndProject
Project("{9A19103F-16F7-4668-BE54-9A1E7A4F7556}") = "Assasin_Screed_Minigame", "Assasin_Screed_Minigame\Assasin_Screed_Minigame.csproj", "{32C927BD-A5C4-4713-A6C2-1490091C8CFB}"
EndProject
Project("{9A19103F-16F7-4668-BE54-9A1E7A4F7556}") = "HW7-8", "HW7-8\HW7-8.csproj", "{4501A920-D4F3-459B-8D84-7D1327AF17BC}"
EndProject
Project("{2150E333-8FDC-42A3-9474-1A3956D46DE8}") = "Tasks", "Tasks", "{9AB9D67A-5CDA-4D92-9445-7F42FBBA6CD3}"
EndProject
Project("{9A19103F-16F7-4668-BE54-9A1E7A4F7556}") = "Task", "Task\Task.csproj", "{896508D3-F047-4468-BEF6-570CC8EF7249}"
EndProject
Project("{9A19103F-16F7-4668-BE54-9A1E7A4F7556}") = "test", "test\test.csproj", "{322F88A2-C7B7-4C36-84AD-96484A325686}"
EndProject
Project("{9A19103F-16F7-4668-BE54-9A1E7A4F7556}") = "WarrShips", "WarrSheeps\WarrShips.csproj", "{239D2A9B-1B22-4DA2-92CF-2995761FF555}"
EndProject
Project("{9A19103F-16F7-4668-BE54-9A1E7A4F7556}") = "TEST_1", "TEST_1\TEST_1.csproj", "{AA964319-8BD8-4994-B78F-9E99674030F8}"
EndProject
Project("{9A19103F-16F7-4668-BE54-9A1E7A4F7556}") = "Lesson12", "Lesson12\Lesson12.csproj", "{EE4F62D0-1D52-410B-9C40-598828AF7D35}"
EndProject
Project("{9A19103F-16F7-4668-BE54-9A1E7A4F7556}") = "outputTwoDementionArray", "outputTwoDementionArray\outputTwoDementionArray.csproj", "{C1CC26FF-5200-4ECD-8FFE-C3F0568168EE}"
EndProject
Project("{9A19103F-16F7-4668-BE54-9A1E7A4F7556}") = "Task2", "Task2\Task2.csproj", "{9EF05643-E635-4476-8FFD-84A7791313FC}"
EndProject
Project("{9A19103F-16F7-4668-BE54-9A1E7A4F7556}") = "validators", "validators\validators.csproj", "{0D7F728E-FB59-474C-9CBE-8D0AF32E1969}"
EndProject
Project("{9A19103F-16F7-4668-BE54-9A1E7A4F7556}") = "MusicGroup", "MusicGroup\MusicGroup.csproj", "{614CB7B1-D639-44B8-9505-908E3BA2CE05}"
EndProject
Project("{9A19103F-16F7-4668-BE54-9A1E7A4F7556}") = "TETRIS", "TETRIS\TETRIS.csproj", "{651D9039-EEFE-4EDF-B8EF-B2AAAB9707DE}"
EndProject
Project("{9A19103F-16F7-4668-BE54-9A1E7A4F7556}") = "AsyncTest", "AsyncTest\AsyncTest.csproj", "{3C6E70F0-1FB9-497E-8D44-B46EFDFCC0BA}"
EndProject
Project("{9A19103F-16F7-4668-BE54-9A1E7A4F7556}") = "HW13-16", "HW13-16\HW13-16.csproj", "{67A918AD-C8CE-4972-828D-5A3CE17D0C6F}"
EndProject
Project("{2150E333-8FDC-42A3-9474-1A3956D46DE8}") = "webexample", "webexample", "{D26B716D-5C6D-4F64-8F8F-F53A2002D1AD}"
EndProject
Project("{9A19103F-16F7-4668-BE54-9A1E7A4F7556}") = "WebExample", "..\..\..\Downloads\WebExample\WebExample.csproj", "{31E60D72-431C-401C-A5D4-3AF793C0B2DE}"
EndProject
Project("{9A19103F-16F7-4668-BE54-9A1E7A4F7556}") = "Lesson15", "..\..\..\Downloads\Lesson15\Lesson15.csproj", "{AF61B24E-2D70-4A03-8408-47DE285CD3AC}"
EndProject
Global
	GlobalSection(SolutionConfigurationPlatforms) = preSolution
		Debug|Any CPU = Debug|Any CPU
		Release|Any CPU = Release|Any CPU
	EndGlobalSection
	GlobalSection(ProjectConfigurationPlatforms) = postSolution
		{06DD6772-4D7E-41D4-B84B-CA2AE3C69DF0}.Debug|Any CPU.ActiveCfg = Debug|Any CPU
		{06DD6772-4D7E-41D4-B84B-CA2AE3C69DF0}.Debug|Any CPU.Build.0 = Debug|Any CPU
		{06DD6772-4D7E-41D4-B84B-CA2AE3C69DF0}.Release|Any CPU.ActiveCfg = Release|Any CPU
		{06DD6772-4D7E-41D4-B84B-CA2AE3C69DF0}.Release|Any CPU.Build.0 = Release|Any CPU
		{D117C240-CCD2-4CE6-952C-A050F6246E92}.Debug|Any CPU.ActiveCfg = Debug|Any CPU
		{D117C240-CCD2-4CE6-952C-A050F6246E92}.Debug|Any CPU.Build.0 = Debug|Any CPU
		{D117C240-CCD2-4CE6-952C-A050F6246E92}.Release|Any CPU.ActiveCfg = Release|Any CPU
		{D117C240-CCD2-4CE6-952C-A050F6246E92}.Release|Any CPU.Build.0 = Release|Any CPU
		{08BBE58B-07D4-4BD9-895D-CAB67784BA84}.Debug|Any CPU.ActiveCfg = Debug|Any CPU
		{08BBE58B-07D4-4BD9-895D-CAB67784BA84}.Debug|Any CPU.Build.0 = Debug|Any CPU
		{08BBE58B-07D4-4BD9-895D-CAB67784BA84}.Release|Any CPU.ActiveCfg = Release|Any CPU
		{08BBE58B-07D4-4BD9-895D-CAB67784BA84}.Release|Any CPU.Build.0 = Release|Any CPU
		{75CFF1C8-97B5-4DCD-B38F-1C422001DFE5}.Debug|Any CPU.ActiveCfg = Debug|Any CPU
		{75CFF1C8-97B5-4DCD-B38F-1C422001DFE5}.Debug|Any CPU.Build.0 = Debug|Any CPU
		{75CFF1C8-97B5-4DCD-B38F-1C422001DFE5}.Release|Any CPU.ActiveCfg = Release|Any CPU
		{75CFF1C8-97B5-4DCD-B38F-1C422001DFE5}.Release|Any CPU.Build.0 = Release|Any CPU
		{309D0BE2-FB2B-4F17-BE97-03EDD5DE709C}.Debug|Any CPU.ActiveCfg = Debug|Any CPU
		{309D0BE2-FB2B-4F17-BE97-03EDD5DE709C}.Debug|Any CPU.Build.0 = Debug|Any CPU
		{309D0BE2-FB2B-4F17-BE97-03EDD5DE709C}.Release|Any CPU.ActiveCfg = Release|Any CPU
		{309D0BE2-FB2B-4F17-BE97-03EDD5DE709C}.Release|Any CPU.Build.0 = Release|Any CPU
		{32C927BD-A5C4-4713-A6C2-1490091C8CFB}.Debug|Any CPU.ActiveCfg = Debug|Any CPU
		{32C927BD-A5C4-4713-A6C2-1490091C8CFB}.Debug|Any CPU.Build.0 = Debug|Any CPU
		{32C927BD-A5C4-4713-A6C2-1490091C8CFB}.Release|Any CPU.ActiveCfg = Release|Any CPU
		{32C927BD-A5C4-4713-A6C2-1490091C8CFB}.Release|Any CPU.Build.0 = Release|Any CPU
		{4501A920-D4F3-459B-8D84-7D1327AF17BC}.Debug|Any CPU.ActiveCfg = Debug|Any CPU
		{4501A920-D4F3-459B-8D84-7D1327AF17BC}.Debug|Any CPU.Build.0 = Debug|Any CPU
		{4501A920-D4F3-459B-8D84-7D1327AF17BC}.Release|Any CPU.ActiveCfg = Release|Any CPU
		{4501A920-D4F3-459B-8D84-7D1327AF17BC}.Release|Any CPU.Build.0 = Release|Any CPU
		{896508D3-F047-4468-BEF6-570CC8EF7249}.Debug|Any CPU.ActiveCfg = Debug|Any CPU
		{896508D3-F047-4468-BEF6-570CC8EF7249}.Debug|Any CPU.Build.0 = Debug|Any CPU
		{896508D3-F047-4468-BEF6-570CC8EF7249}.Release|Any CPU.ActiveCfg = Release|Any CPU
		{896508D3-F047-4468-BEF6-570CC8EF7249}.Release|Any CPU.Build.0 = Release|Any CPU
		{322F88A2-C7B7-4C36-84AD-96484A325686}.Debug|Any CPU.ActiveCfg = Debug|Any CPU
		{322F88A2-C7B7-4C36-84AD-96484A325686}.Debug|Any CPU.Build.0 = Debug|Any CPU
		{322F88A2-C7B7-4C36-84AD-96484A325686}.Release|Any CPU.ActiveCfg = Release|Any CPU
		{322F88A2-C7B7-4C36-84AD-96484A325686}.Release|Any CPU.Build.0 = Release|Any CPU
		{239D2A9B-1B22-4DA2-92CF-2995761FF555}.Debug|Any CPU.ActiveCfg = Debug|Any CPU
		{239D2A9B-1B22-4DA2-92CF-2995761FF555}.Debug|Any CPU.Build.0 = Debug|Any CPU
		{239D2A9B-1B22-4DA2-92CF-2995761FF555}.Release|Any CPU.ActiveCfg = Release|Any CPU
		{239D2A9B-1B22-4DA2-92CF-2995761FF555}.Release|Any CPU.Build.0 = Release|Any CPU
		{AA964319-8BD8-4994-B78F-9E99674030F8}.Debug|Any CPU.ActiveCfg = Debug|Any CPU
		{AA964319-8BD8-4994-B78F-9E99674030F8}.Debug|Any CPU.Build.0 = Debug|Any CPU
		{AA964319-8BD8-4994-B78F-9E99674030F8}.Release|Any CPU.ActiveCfg = Release|Any CPU
		{AA964319-8BD8-4994-B78F-9E99674030F8}.Release|Any CPU.Build.0 = Release|Any CPU
		{EE4F62D0-1D52-410B-9C40-598828AF7D35}.Debug|Any CPU.ActiveCfg = Debug|Any CPU
		{EE4F62D0-1D52-410B-9C40-598828AF7D35}.Debug|Any CPU.Build.0 = Debug|Any CPU
		{EE4F62D0-1D52-410B-9C40-598828AF7D35}.Release|Any CPU.ActiveCfg = Release|Any CPU
		{EE4F62D0-1D52-410B-9C40-598828AF7D35}.Release|Any CPU.Build.0 = Release|Any CPU
		{C1CC26FF-5200-4ECD-8FFE-C3F0568168EE}.Debug|Any CPU.ActiveCfg = Debug|Any CPU
		{C1CC26FF-5200-4ECD-8FFE-C3F0568168EE}.Debug|Any CPU.Build.0 = Debug|Any CPU
		{C1CC26FF-5200-4ECD-8FFE-C3F0568168EE}.Release|Any CPU.ActiveCfg = Release|Any CPU
		{C1CC26FF-5200-4ECD-8FFE-C3F0568168EE}.Release|Any CPU.Build.0 = Release|Any CPU
		{9EF05643-E635-4476-8FFD-84A7791313FC}.Debug|Any CPU.ActiveCfg = Debug|Any CPU
		{9EF05643-E635-4476-8FFD-84A7791313FC}.Debug|Any CPU.Build.0 = Debug|Any CPU
		{9EF05643-E635-4476-8FFD-84A7791313FC}.Release|Any CPU.ActiveCfg = Release|Any CPU
		{9EF05643-E635-4476-8FFD-84A7791313FC}.Release|Any CPU.Build.0 = Release|Any CPU
		{0D7F728E-FB59-474C-9CBE-8D0AF32E1969}.Debug|Any CPU.ActiveCfg = Debug|Any CPU
		{0D7F728E-FB59-474C-9CBE-8D0AF32E1969}.Debug|Any CPU.Build.0 = Debug|Any CPU
		{0D7F728E-FB59-474C-9CBE-8D0AF32E1969}.Release|Any CPU.ActiveCfg = Release|Any CPU
		{0D7F728E-FB59-474C-9CBE-8D0AF32E1969}.Release|Any CPU.Build.0 = Release|Any CPU
		{614CB7B1-D639-44B8-9505-908E3BA2CE05}.Debug|Any CPU.ActiveCfg = Debug|Any CPU
		{614CB7B1-D639-44B8-9505-908E3BA2CE05}.Debug|Any CPU.Build.0 = Debug|Any CPU
		{614CB7B1-D639-44B8-9505-908E3BA2CE05}.Release|Any CPU.ActiveCfg = Release|Any CPU
		{614CB7B1-D639-44B8-9505-908E3BA2CE05}.Release|Any CPU.Build.0 = Release|Any CPU
		{651D9039-EEFE-4EDF-B8EF-B2AAAB9707DE}.Debug|Any CPU.ActiveCfg = Debug|Any CPU
		{651D9039-EEFE-4EDF-B8EF-B2AAAB9707DE}.Debug|Any CPU.Build.0 = Debug|Any CPU
		{651D9039-EEFE-4EDF-B8EF-B2AAAB9707DE}.Release|Any CPU.ActiveCfg = Release|Any CPU
		{651D9039-EEFE-4EDF-B8EF-B2AAAB9707DE}.Release|Any CPU.Build.0 = Release|Any CPU
		{3C6E70F0-1FB9-497E-8D44-B46EFDFCC0BA}.Debug|Any CPU.ActiveCfg = Debug|Any CPU
		{3C6E70F0-1FB9-497E-8D44-B46EFDFCC0BA}.Debug|Any CPU.Build.0 = Debug|Any CPU
		{3C6E70F0-1FB9-497E-8D44-B46EFDFCC0BA}.Release|Any CPU.ActiveCfg = Release|Any CPU
		{3C6E70F0-1FB9-497E-8D44-B46EFDFCC0BA}.Release|Any CPU.Build.0 = Release|Any CPU
		{67A918AD-C8CE-4972-828D-5A3CE17D0C6F}.Debug|Any CPU.ActiveCfg = Debug|Any CPU
		{67A918AD-C8CE-4972-828D-5A3CE17D0C6F}.Debug|Any CPU.Build.0 = Debug|Any CPU
		{67A918AD-C8CE-4972-828D-5A3CE17D0C6F}.Release|Any CPU.ActiveCfg = Release|Any CPU
		{67A918AD-C8CE-4972-828D-5A3CE17D0C6F}.Release|Any CPU.Build.0 = Release|Any CPU
		{31E60D72-431C-401C-A5D4-3AF793C0B2DE}.Debug|Any CPU.ActiveCfg = Debug|Any CPU
		{31E60D72-431C-401C-A5D4-3AF793C0B2DE}.Debug|Any CPU.Build.0 = Debug|Any CPU
		{31E60D72-431C-401C-A5D4-3AF793C0B2DE}.Release|Any CPU.ActiveCfg = Release|Any CPU
		{31E60D72-431C-401C-A5D4-3AF793C0B2DE}.Release|Any CPU.Build.0 = Release|Any CPU
		{AF61B24E-2D70-4A03-8408-47DE285CD3AC}.Debug|Any CPU.ActiveCfg = Debug|Any CPU
		{AF61B24E-2D70-4A03-8408-47DE285CD3AC}.Debug|Any CPU.Build.0 = Debug|Any CPU
		{AF61B24E-2D70-4A03-8408-47DE285CD3AC}.Release|Any CPU.ActiveCfg = Release|Any CPU
		{AF61B24E-2D70-4A03-8408-47DE285CD3AC}.Release|Any CPU.Build.0 = Release|Any CPU
	EndGlobalSection
	GlobalSection(SolutionProperties) = preSolution
		HideSolutionNode = FALSE
	EndGlobalSection
	GlobalSection(NestedProjects) = preSolution
		{896508D3-F047-4468-BEF6-570CC8EF7249} = {9AB9D67A-5CDA-4D92-9445-7F42FBBA6CD3}
		{322F88A2-C7B7-4C36-84AD-96484A325686} = {9AB9D67A-5CDA-4D92-9445-7F42FBBA6CD3}
		{AA964319-8BD8-4994-B78F-9E99674030F8} = {9AB9D67A-5CDA-4D92-9445-7F42FBBA6CD3}
		{C1CC26FF-5200-4ECD-8FFE-C3F0568168EE} = {9AB9D67A-5CDA-4D92-9445-7F42FBBA6CD3}
		{9EF05643-E635-4476-8FFD-84A7791313FC} = {9AB9D67A-5CDA-4D92-9445-7F42FBBA6CD3}
		{0D7F728E-FB59-474C-9CBE-8D0AF32E1969} = {9AB9D67A-5CDA-4D92-9445-7F42FBBA6CD3}
		{614CB7B1-D639-44B8-9505-908E3BA2CE05} = {9AB9D67A-5CDA-4D92-9445-7F42FBBA6CD3}
		{651D9039-EEFE-4EDF-B8EF-B2AAAB9707DE} = {9AB9D67A-5CDA-4D92-9445-7F42FBBA6CD3}
		{3C6E70F0-1FB9-497E-8D44-B46EFDFCC0BA} = {9AB9D67A-5CDA-4D92-9445-7F42FBBA6CD3}
		{67A918AD-C8CE-4972-828D-5A3CE17D0C6F} = {D26B716D-5C6D-4F64-8F8F-F53A2002D1AD}
		{31E60D72-431C-401C-A5D4-3AF793C0B2DE} = {D26B716D-5C6D-4F64-8F8F-F53A2002D1AD}
		{AF61B24E-2D70-4A03-8408-47DE285CD3AC} = {D26B716D-5C6D-4F64-8F8F-F53A2002D1AD}
	EndGlobalSection
	GlobalSection(ExtensibilityGlobals) = postSolution
		SolutionGuid = {5E43C935-F11D-4207-8BB2-E545F78B1EAF}
	EndGlobalSection
EndGlobal
