
Microsoft Visual Studio Solution File, Format Version 12.00
# Visual Studio Version 16
VisualStudioVersion = 16.0.31424.327
MinimumVisualStudioVersion = 10.0.40219.1
Project("{9A19103F-16F7-4668-BE54-9A1E7A4F7556}") = "HW3", "HW3\HW3.csproj", "{06DD6772-4D7E-41D4-B84B-CA2AE3C69DF0}"
EndProject
Project("{9A19103F-16F7-4668-BE54-9A1E7A4F7556}") = "HW4", "HW4\HW4.csproj", "{D117C240-CCD2-4CE6-952C-A050F6246E92}"
EndProject
Project("{9A19103F-16F7-4668-BE54-9A1E7A4F7556}") = "tests", "tests\tests.csproj", "{08BBE58B-07D4-4BD9-895D-CAB67784BA84}"
EndProject
Project("{9A19103F-16F7-4668-BE54-9A1E7A4F7556}") = "2048", "2048\2048.csproj", "{75CFF1C8-97B5-4DCD-B38F-1C422001DFE5}"
EndProject
Project("{9A19103F-16F7-4668-BE54-9A1E7A4F7556}") = "ConsoleGameHW6", "ConsoleGameHW6\ConsoleGameHW6.csproj", "{309D0BE2-FB2B-4F17-BE97-03EDD5DE709C}"
EndProject
Project("{FAE04EC0-301F-11D3-BF4B-00C04F79EFBC}") = "Assasin_Screed_Minigame", "Assasin_Screed_Minigame\Assasin_Screed_Minigame.csproj", "{32C927BD-A5C4-4713-A6C2-1490091C8CFB}"
EndProject
Global
	GlobalSection(SolutionConfigurationPlatforms) = preSolution
		Debug|Any CPU = Debug|Any CPU
		Release|Any CPU = Release|Any CPU
	EndGlobalSection
	GlobalSection(ProjectConfigurationPlatforms) = postSolution
		{06DD6772-4D7E-41D4-B84B-CA2AE3C69DF0}.Debug|Any CPU.ActiveCfg = Debug|Any CPU
		{06DD6772-4D7E-41D4-B84B-CA2AE3C69DF0}.Debug|Any CPU.Build.0 = Debug|Any CPU
		{06DD6772-4D7E-41D4-B84B-CA2AE3C69DF0}.Release|Any CPU.ActiveCfg = Release|Any CPU
		{06DD6772-4D7E-41D4-B84B-CA2AE3C69DF0}.Release|Any CPU.Build.0 = Release|Any CPU
		{D117C240-CCD2-4CE6-952C-A050F6246E92}.Debug|Any CPU.ActiveCfg = Debug|Any CPU
		{D117C240-CCD2-4CE6-952C-A050F6246E92}.Debug|Any CPU.Build.0 = Debug|Any CPU
		{D117C240-CCD2-4CE6-952C-A050F6246E92}.Release|Any CPU.ActiveCfg = Release|Any CPU
		{D117C240-CCD2-4CE6-952C-A050F6246E92}.Release|Any CPU.Build.0 = Release|Any CPU
		{08BBE58B-07D4-4BD9-895D-CAB67784BA84}.Debug|Any CPU.ActiveCfg = Debug|Any CPU
		{08BBE58B-07D4-4BD9-895D-CAB67784BA84}.Debug|Any CPU.Build.0 = Debug|Any CPU
		{08BBE58B-07D4-4BD9-895D-CAB67784BA84}.Release|Any CPU.ActiveCfg = Release|Any CPU
		{08BBE58B-07D4-4BD9-895D-CAB67784BA84}.Release|Any CPU.Build.0 = Release|Any CPU
		{75CFF1C8-97B5-4DCD-B38F-1C422001DFE5}.Debug|Any CPU.ActiveCfg = Debug|Any CPU
		{75CFF1C8-97B5-4DCD-B38F-1C422001DFE5}.Debug|Any CPU.Build.0 = Debug|Any CPU
		{75CFF1C8-97B5-4DCD-B38F-1C422001DFE5}.Release|Any CPU.ActiveCfg = Release|Any CPU
		{75CFF1C8-97B5-4DCD-B38F-1C422001DFE5}.Release|Any CPU.Build.0 = Release|Any CPU
		{309D0BE2-FB2B-4F17-BE97-03EDD5DE709C}.Debug|Any CPU.ActiveCfg = Debug|Any CPU
		{309D0BE2-FB2B-4F17-BE97-03EDD5DE709C}.Debug|Any CPU.Build.0 = Debug|Any CPU
		{309D0BE2-FB2B-4F17-BE97-03EDD5DE709C}.Release|Any CPU.ActiveCfg = Release|Any CPU
		{309D0BE2-FB2B-4F17-BE97-03EDD5DE709C}.Release|Any CPU.Build.0 = Release|Any CPU
		{32C927BD-A5C4-4713-A6C2-1490091C8CFB}.Debug|Any CPU.ActiveCfg = Debug|Any CPU
		{32C927BD-A5C4-4713-A6C2-1490091C8CFB}.Debug|Any CPU.Build.0 = Debug|Any CPU
		{32C927BD-A5C4-4713-A6C2-1490091C8CFB}.Release|Any CPU.ActiveCfg = Release|Any CPU
		{32C927BD-A5C4-4713-A6C2-1490091C8CFB}.Release|Any CPU.Build.0 = Release|Any CPU
	EndGlobalSection
	GlobalSection(SolutionProperties) = preSolution
		HideSolutionNode = FALSE
	EndGlobalSection
	GlobalSection(ExtensibilityGlobals) = postSolution
		SolutionGuid = {5E43C935-F11D-4207-8BB2-E545F78B1EAF}
	EndGlobalSection
EndGlobal
